
Microsoft Visual Studio Solution File, Format Version 12.00
Project("{FAE04EC0-301F-11D3-BF4B-00C04F79EFBC}") = "Keystore.API", "Keystore.API\Keystore.API.csproj", "{7C384F1E-DC0C-4A36-B509-C9216DC8B3A1}"
EndProject
Project("{2150E333-8FDC-42A3-9474-1A3956D46DE8}") = "Test", "Test", "{F482D58A-C543-47DB-8D41-9F7B80679060}"
EndProject
Project("{2150E333-8FDC-42A3-9474-1A3956D46DE8}") = "SolutionItems", "SolutionItems", "{8702C4C7-3935-4C44-9E10-B4CB62AE2F5D}"
	ProjectSection(SolutionItems) = preProject
		.gitignore = .gitignore
		docker-compose.yaml = docker-compose.yaml
		.github\workflows\build-images.yml = .github\workflows\build-images.yml
		.github\workflows\dotnet-test.yml = .github\workflows\dotnet-test.yml
		nuget.config = nuget.config
	EndProjectSection
EndProject
Project("{2150E333-8FDC-42A3-9474-1A3956D46DE8}") = "src", "src", "{722F469A-CDDA-4E49-BFF1-7338C63668DA}"
EndProject
Project("{FAE04EC0-301F-11D3-BF4B-00C04F79EFBC}") = "Keystore.Domain", "Keystore.Domain\Keystore.Domain.csproj", "{9FF82230-84A8-48F6-89A6-3538419F1B5D}"
EndProject
Project("{FAE04EC0-301F-11D3-BF4B-00C04F79EFBC}") = "Keystore.Application", "Keystore.Application\Keystore.Application.csproj", "{A0A3124D-478D-410C-A8AE-A9A00BD27FCE}"
EndProject
Project("{FAE04EC0-301F-11D3-BF4B-00C04F79EFBC}") = "Keystore.Infrastructure", "Keystore.Infrastructure\Keystore.Infrastructure.csproj", "{287FF042-76DF-4E04-9EA1-BDC3A3B7CB15}"
EndProject
Project("{FAE04EC0-301F-11D3-BF4B-00C04F79EFBC}") = "Keystore.Test.Unit", "Keystore.Test.Unit\Keystore.Test.Unit.csproj", "{DDDEEE47-4682-4F4A-8551-18DA58EC4DB1}"
EndProject
Project("{FAE04EC0-301F-11D3-BF4B-00C04F79EFBC}") = "Cypherly.Keystore.Test.Integration", "Cypherly.Keystore.Test.Integration\Cypherly.Keystore.Test.Integration.csproj", "{8B4D0E2F-58A1-4C7B-9DEB-8AF8A9300C72}"
EndProject
Global
	GlobalSection(SolutionConfigurationPlatforms) = preSolution
		Debug|Any CPU = Debug|Any CPU
		Release|Any CPU = Release|Any CPU
	EndGlobalSection
	GlobalSection(ProjectConfigurationPlatforms) = postSolution
		{7C384F1E-DC0C-4A36-B509-C9216DC8B3A1}.Debug|Any CPU.ActiveCfg = Debug|Any CPU
		{7C384F1E-DC0C-4A36-B509-C9216DC8B3A1}.Debug|Any CPU.Build.0 = Debug|Any CPU
		{7C384F1E-DC0C-4A36-B509-C9216DC8B3A1}.Release|Any CPU.ActiveCfg = Release|Any CPU
		{7C384F1E-DC0C-4A36-B509-C9216DC8B3A1}.Release|Any CPU.Build.0 = Release|Any CPU
		{9FF82230-84A8-48F6-89A6-3538419F1B5D}.Debug|Any CPU.ActiveCfg = Debug|Any CPU
		{9FF82230-84A8-48F6-89A6-3538419F1B5D}.Debug|Any CPU.Build.0 = Debug|Any CPU
		{9FF82230-84A8-48F6-89A6-3538419F1B5D}.Release|Any CPU.ActiveCfg = Release|Any CPU
		{9FF82230-84A8-48F6-89A6-3538419F1B5D}.Release|Any CPU.Build.0 = Release|Any CPU
		{A0A3124D-478D-410C-A8AE-A9A00BD27FCE}.Debug|Any CPU.ActiveCfg = Debug|Any CPU
		{A0A3124D-478D-410C-A8AE-A9A00BD27FCE}.Debug|Any CPU.Build.0 = Debug|Any CPU
		{A0A3124D-478D-410C-A8AE-A9A00BD27FCE}.Release|Any CPU.ActiveCfg = Release|Any CPU
		{A0A3124D-478D-410C-A8AE-A9A00BD27FCE}.Release|Any CPU.Build.0 = Release|Any CPU
		{287FF042-76DF-4E04-9EA1-BDC3A3B7CB15}.Debug|Any CPU.ActiveCfg = Debug|Any CPU
		{287FF042-76DF-4E04-9EA1-BDC3A3B7CB15}.Debug|Any CPU.Build.0 = Debug|Any CPU
		{287FF042-76DF-4E04-9EA1-BDC3A3B7CB15}.Release|Any CPU.ActiveCfg = Release|Any CPU
		{287FF042-76DF-4E04-9EA1-BDC3A3B7CB15}.Release|Any CPU.Build.0 = Release|Any CPU
		{DDDEEE47-4682-4F4A-8551-18DA58EC4DB1}.Debug|Any CPU.ActiveCfg = Debug|Any CPU
		{DDDEEE47-4682-4F4A-8551-18DA58EC4DB1}.Debug|Any CPU.Build.0 = Debug|Any CPU
		{DDDEEE47-4682-4F4A-8551-18DA58EC4DB1}.Release|Any CPU.ActiveCfg = Release|Any CPU
		{DDDEEE47-4682-4F4A-8551-18DA58EC4DB1}.Release|Any CPU.Build.0 = Release|Any CPU
		{8B4D0E2F-58A1-4C7B-9DEB-8AF8A9300C72}.Debug|Any CPU.ActiveCfg = Debug|Any CPU
		{8B4D0E2F-58A1-4C7B-9DEB-8AF8A9300C72}.Debug|Any CPU.Build.0 = Debug|Any CPU
		{8B4D0E2F-58A1-4C7B-9DEB-8AF8A9300C72}.Release|Any CPU.ActiveCfg = Release|Any CPU
		{8B4D0E2F-58A1-4C7B-9DEB-8AF8A9300C72}.Release|Any CPU.Build.0 = Release|Any CPU
	EndGlobalSection
	GlobalSection(NestedProjects) = preSolution
		{7C384F1E-DC0C-4A36-B509-C9216DC8B3A1} = {722F469A-CDDA-4E49-BFF1-7338C63668DA}
		{9FF82230-84A8-48F6-89A6-3538419F1B5D} = {722F469A-CDDA-4E49-BFF1-7338C63668DA}
		{A0A3124D-478D-410C-A8AE-A9A00BD27FCE} = {722F469A-CDDA-4E49-BFF1-7338C63668DA}
		{287FF042-76DF-4E04-9EA1-BDC3A3B7CB15} = {722F469A-CDDA-4E49-BFF1-7338C63668DA}
		{DDDEEE47-4682-4F4A-8551-18DA58EC4DB1} = {F482D58A-C543-47DB-8D41-9F7B80679060}
		{8B4D0E2F-58A1-4C7B-9DEB-8AF8A9300C72} = {F482D58A-C543-47DB-8D41-9F7B80679060}
	EndGlobalSection
EndGlobal
